
Microsoft Visual Studio Solution File, Format Version 12.00
# Visual Studio Version 16
VisualStudioVersion = 16.0.29728.190
MinimumVisualStudioVersion = 10.0.40219.1
Project("{FAE04EC0-301F-11D3-BF4B-00C04F79EFBC}") = "Task 10", "Task 10\Task 10.csproj", "{DF118E2D-C153-41E7-BA5E-2A96C89EDD59}"
EndProject
Project("{FAE04EC0-301F-11D3-BF4B-00C04F79EFBC}") = "Unit", "Unit\Unit.csproj", "{A1065464-236E-4D05-9463-3F3926518D6B}"
EndProject
Global
	GlobalSection(SolutionConfigurationPlatforms) = preSolution
		Debug|Any CPU = Debug|Any CPU
		Release|Any CPU = Release|Any CPU
	EndGlobalSection
	GlobalSection(ProjectConfigurationPlatforms) = postSolution
		{DF118E2D-C153-41E7-BA5E-2A96C89EDD59}.Debug|Any CPU.ActiveCfg = Debug|Any CPU
		{DF118E2D-C153-41E7-BA5E-2A96C89EDD59}.Debug|Any CPU.Build.0 = Debug|Any CPU
		{DF118E2D-C153-41E7-BA5E-2A96C89EDD59}.Release|Any CPU.ActiveCfg = Release|Any CPU
		{DF118E2D-C153-41E7-BA5E-2A96C89EDD59}.Release|Any CPU.Build.0 = Release|Any CPU
		{A1065464-236E-4D05-9463-3F3926518D6B}.Debug|Any CPU.ActiveCfg = Debug|Any CPU
		{A1065464-236E-4D05-9463-3F3926518D6B}.Debug|Any CPU.Build.0 = Debug|Any CPU
		{A1065464-236E-4D05-9463-3F3926518D6B}.Release|Any CPU.ActiveCfg = Release|Any CPU
		{A1065464-236E-4D05-9463-3F3926518D6B}.Release|Any CPU.Build.0 = Release|Any CPU
	EndGlobalSection
	GlobalSection(SolutionProperties) = preSolution
		HideSolutionNode = FALSE
	EndGlobalSection
	GlobalSection(ExtensibilityGlobals) = postSolution
		SolutionGuid = {0CB1A34D-4309-4675-AFAD-2D0D9174F637}
	EndGlobalSection
EndGlobal
