
Microsoft Visual Studio Solution File, Format Version 12.00
Project("{FAE04EC0-301F-11D3-BF4B-00C04F79EFBC}") = "Task 12", "Task 12\Task 12.csproj", "{941F450E-486D-48C7-B6C5-4E7E9F3183CA}"
EndProject
Global
	GlobalSection(SolutionConfigurationPlatforms) = preSolution
		Debug|Any CPU = Debug|Any CPU
		Release|Any CPU = Release|Any CPU
	EndGlobalSection
	GlobalSection(ProjectConfigurationPlatforms) = postSolution
		{941F450E-486D-48C7-B6C5-4E7E9F3183CA}.Debug|Any CPU.ActiveCfg = Debug|Any CPU
		{941F450E-486D-48C7-B6C5-4E7E9F3183CA}.Debug|Any CPU.Build.0 = Debug|Any CPU
		{941F450E-486D-48C7-B6C5-4E7E9F3183CA}.Release|Any CPU.ActiveCfg = Release|Any CPU
		{941F450E-486D-48C7-B6C5-4E7E9F3183CA}.Release|Any CPU.Build.0 = Release|Any CPU
	EndGlobalSection
EndGlobal
