
Microsoft Visual Studio Solution File, Format Version 12.00
Project("{FAE04EC0-301F-11D3-BF4B-00C04F79EFBC}") = "Task 6", "Task 6\Task 6.csproj", "{901A91AC-9DC9-4CDF-A692-5A6D5FA2044F}"
EndProject
Global
	GlobalSection(SolutionConfigurationPlatforms) = preSolution
		Debug|Any CPU = Debug|Any CPU
		Release|Any CPU = Release|Any CPU
	EndGlobalSection
	GlobalSection(ProjectConfigurationPlatforms) = postSolution
		{901A91AC-9DC9-4CDF-A692-5A6D5FA2044F}.Debug|Any CPU.ActiveCfg = Debug|Any CPU
		{901A91AC-9DC9-4CDF-A692-5A6D5FA2044F}.Debug|Any CPU.Build.0 = Debug|Any CPU
		{901A91AC-9DC9-4CDF-A692-5A6D5FA2044F}.Release|Any CPU.ActiveCfg = Release|Any CPU
		{901A91AC-9DC9-4CDF-A692-5A6D5FA2044F}.Release|Any CPU.Build.0 = Release|Any CPU
	EndGlobalSection
EndGlobal
