
Microsoft Visual Studio Solution File, Format Version 12.00
# Visual Studio Version 16
VisualStudioVersion = 16.0.29728.190
MinimumVisualStudioVersion = 10.0.40219.1
Project("{FAE04EC0-301F-11D3-BF4B-00C04F79EFBC}") = "Task3", "Task3\Task3.csproj", "{0A871F15-A1F9-4741-B110-CB13DF5FC570}"
EndProject
Project("{FAE04EC0-301F-11D3-BF4B-00C04F79EFBC}") = "Unit", "Unit\Unit.csproj", "{915123C1-ABCF-41DB-BAEC-B84F54761850}"
EndProject
Global
	GlobalSection(SolutionConfigurationPlatforms) = preSolution
		Debug|Any CPU = Debug|Any CPU
		Release|Any CPU = Release|Any CPU
	EndGlobalSection
	GlobalSection(ProjectConfigurationPlatforms) = postSolution
		{0A871F15-A1F9-4741-B110-CB13DF5FC570}.Debug|Any CPU.ActiveCfg = Debug|Any CPU
		{0A871F15-A1F9-4741-B110-CB13DF5FC570}.Debug|Any CPU.Build.0 = Debug|Any CPU
		{0A871F15-A1F9-4741-B110-CB13DF5FC570}.Release|Any CPU.ActiveCfg = Release|Any CPU
		{0A871F15-A1F9-4741-B110-CB13DF5FC570}.Release|Any CPU.Build.0 = Release|Any CPU
		{915123C1-ABCF-41DB-BAEC-B84F54761850}.Debug|Any CPU.ActiveCfg = Debug|Any CPU
		{915123C1-ABCF-41DB-BAEC-B84F54761850}.Debug|Any CPU.Build.0 = Debug|Any CPU
		{915123C1-ABCF-41DB-BAEC-B84F54761850}.Release|Any CPU.ActiveCfg = Release|Any CPU
		{915123C1-ABCF-41DB-BAEC-B84F54761850}.Release|Any CPU.Build.0 = Release|Any CPU
	EndGlobalSection
	GlobalSection(SolutionProperties) = preSolution
		HideSolutionNode = FALSE
	EndGlobalSection
	GlobalSection(ExtensibilityGlobals) = postSolution
		SolutionGuid = {C22841F4-EBE5-49CE-AA21-9B9916C0B31C}
	EndGlobalSection
EndGlobal
