
Microsoft Visual Studio Solution File, Format Version 12.00
Project("{FAE04EC0-301F-11D3-BF4B-00C04F79EFBC}") = "Task 4", "Task 4\Task 4.csproj", "{70E1C1FD-BD34-4510-92BF-095C57E01A94}"
EndProject
Global
	GlobalSection(SolutionConfigurationPlatforms) = preSolution
		Debug|Any CPU = Debug|Any CPU
		Release|Any CPU = Release|Any CPU
	EndGlobalSection
	GlobalSection(ProjectConfigurationPlatforms) = postSolution
		{70E1C1FD-BD34-4510-92BF-095C57E01A94}.Debug|Any CPU.ActiveCfg = Debug|Any CPU
		{70E1C1FD-BD34-4510-92BF-095C57E01A94}.Debug|Any CPU.Build.0 = Debug|Any CPU
		{70E1C1FD-BD34-4510-92BF-095C57E01A94}.Release|Any CPU.ActiveCfg = Release|Any CPU
		{70E1C1FD-BD34-4510-92BF-095C57E01A94}.Release|Any CPU.Build.0 = Release|Any CPU
	EndGlobalSection
EndGlobal
