
Microsoft Visual Studio Solution File, Format Version 12.00
# Visual Studio Version 16
VisualStudioVersion = 16.0.29728.190
MinimumVisualStudioVersion = 10.0.40219.1
Project("{FAE04EC0-301F-11D3-BF4B-00C04F79EFBC}") = "Task6Form", "Task6Form\Task6Form.csproj", "{EA6A52DD-F8A9-40AF-93A9-0DF884FE564A}"
EndProject
Project("{FAE04EC0-301F-11D3-BF4B-00C04F79EFBC}") = "Task6Test", "Task6Test\Task6Test.csproj", "{36F373DB-B970-4732-B077-B07F2B493B82}"
EndProject
Global
	GlobalSection(SolutionConfigurationPlatforms) = preSolution
		Debug|Any CPU = Debug|Any CPU
		Release|Any CPU = Release|Any CPU
	EndGlobalSection
	GlobalSection(ProjectConfigurationPlatforms) = postSolution
		{EA6A52DD-F8A9-40AF-93A9-0DF884FE564A}.Debug|Any CPU.ActiveCfg = Debug|Any CPU
		{EA6A52DD-F8A9-40AF-93A9-0DF884FE564A}.Debug|Any CPU.Build.0 = Debug|Any CPU
		{EA6A52DD-F8A9-40AF-93A9-0DF884FE564A}.Release|Any CPU.ActiveCfg = Release|Any CPU
		{EA6A52DD-F8A9-40AF-93A9-0DF884FE564A}.Release|Any CPU.Build.0 = Release|Any CPU
		{36F373DB-B970-4732-B077-B07F2B493B82}.Debug|Any CPU.ActiveCfg = Debug|Any CPU
		{36F373DB-B970-4732-B077-B07F2B493B82}.Debug|Any CPU.Build.0 = Debug|Any CPU
		{36F373DB-B970-4732-B077-B07F2B493B82}.Release|Any CPU.ActiveCfg = Release|Any CPU
		{36F373DB-B970-4732-B077-B07F2B493B82}.Release|Any CPU.Build.0 = Release|Any CPU
	EndGlobalSection
	GlobalSection(SolutionProperties) = preSolution
		HideSolutionNode = FALSE
	EndGlobalSection
	GlobalSection(ExtensibilityGlobals) = postSolution
		SolutionGuid = {FC021B21-C36B-4889-96CC-D68F84B45087}
	EndGlobalSection
EndGlobal
