
Microsoft Visual Studio Solution File, Format Version 12.00
Project("{FAE04EC0-301F-11D3-BF4B-00C04F79EFBC}") = "Task 8", "Task 8\Task 8.csproj", "{995FD59F-11A5-4CAA-8F4E-51B93C15CF2D}"
EndProject
Global
	GlobalSection(SolutionConfigurationPlatforms) = preSolution
		Debug|Any CPU = Debug|Any CPU
		Release|Any CPU = Release|Any CPU
	EndGlobalSection
	GlobalSection(ProjectConfigurationPlatforms) = postSolution
		{995FD59F-11A5-4CAA-8F4E-51B93C15CF2D}.Debug|Any CPU.ActiveCfg = Debug|Any CPU
		{995FD59F-11A5-4CAA-8F4E-51B93C15CF2D}.Debug|Any CPU.Build.0 = Debug|Any CPU
		{995FD59F-11A5-4CAA-8F4E-51B93C15CF2D}.Release|Any CPU.ActiveCfg = Release|Any CPU
		{995FD59F-11A5-4CAA-8F4E-51B93C15CF2D}.Release|Any CPU.Build.0 = Release|Any CPU
	EndGlobalSection
EndGlobal
