
Microsoft Visual Studio Solution File, Format Version 12.00
# Visual Studio Version 16
VisualStudioVersion = 16.0.29728.190
MinimumVisualStudioVersion = 10.0.40219.1
Project("{FAE04EC0-301F-11D3-BF4B-00C04F79EFBC}") = "Task 8", "Task 8\Task 8.csproj", "{995FD59F-11A5-4CAA-8F4E-51B93C15CF2D}"
EndProject
Project("{FAE04EC0-301F-11D3-BF4B-00C04F79EFBC}") = "Unit", "Unit\Unit.csproj", "{407B108D-A4BA-49DA-B5F1-BA675645D455}"
EndProject
Global
	GlobalSection(SolutionConfigurationPlatforms) = preSolution
		Debug|Any CPU = Debug|Any CPU
		Release|Any CPU = Release|Any CPU
	EndGlobalSection
	GlobalSection(ProjectConfigurationPlatforms) = postSolution
		{995FD59F-11A5-4CAA-8F4E-51B93C15CF2D}.Debug|Any CPU.ActiveCfg = Debug|Any CPU
		{995FD59F-11A5-4CAA-8F4E-51B93C15CF2D}.Debug|Any CPU.Build.0 = Debug|Any CPU
		{995FD59F-11A5-4CAA-8F4E-51B93C15CF2D}.Release|Any CPU.ActiveCfg = Release|Any CPU
		{995FD59F-11A5-4CAA-8F4E-51B93C15CF2D}.Release|Any CPU.Build.0 = Release|Any CPU
		{407B108D-A4BA-49DA-B5F1-BA675645D455}.Debug|Any CPU.ActiveCfg = Debug|Any CPU
		{407B108D-A4BA-49DA-B5F1-BA675645D455}.Debug|Any CPU.Build.0 = Debug|Any CPU
		{407B108D-A4BA-49DA-B5F1-BA675645D455}.Release|Any CPU.ActiveCfg = Release|Any CPU
		{407B108D-A4BA-49DA-B5F1-BA675645D455}.Release|Any CPU.Build.0 = Release|Any CPU
	EndGlobalSection
	GlobalSection(SolutionProperties) = preSolution
		HideSolutionNode = FALSE
	EndGlobalSection
	GlobalSection(ExtensibilityGlobals) = postSolution
		SolutionGuid = {3BDE1996-F59C-4531-A87A-93A3B2889E91}
	EndGlobalSection
EndGlobal
