
Microsoft Visual Studio Solution File, Format Version 12.00
# Visual Studio Version 16
VisualStudioVersion = 16.0.29728.190
MinimumVisualStudioVersion = 10.0.40219.1
Project("{FAE04EC0-301F-11D3-BF4B-00C04F79EFBC}") = "Task4Form", "Task4Form\Task4Form.csproj", "{9F328344-089C-45D5-896A-B97888972AFC}"
EndProject
Global
	GlobalSection(SolutionConfigurationPlatforms) = preSolution
		Debug|Any CPU = Debug|Any CPU
		Release|Any CPU = Release|Any CPU
	EndGlobalSection
	GlobalSection(ProjectConfigurationPlatforms) = postSolution
		{9F328344-089C-45D5-896A-B97888972AFC}.Debug|Any CPU.ActiveCfg = Debug|Any CPU
		{9F328344-089C-45D5-896A-B97888972AFC}.Debug|Any CPU.Build.0 = Debug|Any CPU
		{9F328344-089C-45D5-896A-B97888972AFC}.Release|Any CPU.ActiveCfg = Release|Any CPU
		{9F328344-089C-45D5-896A-B97888972AFC}.Release|Any CPU.Build.0 = Release|Any CPU
	EndGlobalSection
	GlobalSection(SolutionProperties) = preSolution
		HideSolutionNode = FALSE
	EndGlobalSection
	GlobalSection(ExtensibilityGlobals) = postSolution
		SolutionGuid = {0688961D-5929-4697-9CBC-144D42E3FD0B}
	EndGlobalSection
EndGlobal
